<?xml version="1.0" encoding="utf-8"?>
<Project ToolsVersion="4.0" xmlns="http://schemas.microsoft.com/developer/msbuild/2003">
  <ItemGroup>
    <Filter Include="ソース ファイル">
      <UniqueIdentifier>{4FC737F1-C7A5-4376-A066-2A32D752A2FF}</UniqueIdentifier>
      <Extensions>cpp;c;cc;cxx;c++;def;odl;idl;hpj;bat;asm;asmx</Extensions>
    </Filter>
    <Filter Include="ヘッダー ファイル">
      <UniqueIdentifier>{93995380-89BD-4b04-88EB-625FBE52EBFB}</UniqueIdentifier>
      <Extensions>h;hh;hpp;hxx;h++;hm;inl;inc;ipp;xsd</Extensions>
    </Filter>
    <Filter Include="リソース ファイル">
      <UniqueIdentifier>{67DA6AB6-F800-4c08-8B7A-83BB121AAD01}</UniqueIdentifier>
      <Extensions>rc;ico;cur;bmp;dlg;rc2;rct;bin;rgs;gif;jpg;jpeg;jpe;resx;tiff;tif;png;wav;mfcribbon-ms</Extensions>
    </Filter>
    <Filter Include="ソース ファイル\reversi">
      <UniqueIdentifier>{3fbdd832-1c97-4e1d-ac7b-3c1ae829d7a1}</UniqueIdentifier>
    </Filter>
    <Filter Include="ソース ファイル\reversi\util">
      <UniqueIdentifier>{fe40671b-591f-4483-bb3f-1bb5584334e3}</UniqueIdentifier>
    </Filter>
    <Filter Include="ソース ファイル\reversi\test">
      <UniqueIdentifier>{8e87fa8a-fdfa-4343-8ba3-b474aa551f45}</UniqueIdentifier>
    </Filter>
  </ItemGroup>
  <ItemGroup>
    <ClCompile Include="Main.cpp">
      <Filter>ソース ファイル</Filter>
    </ClCompile>
    <ClCompile Include="reversi\ReversiGame.cpp">
      <Filter>ソース ファイル\reversi</Filter>
    </ClCompile>
    <ClCompile Include="reversi\util\OutputConsole.cpp">
      <Filter>ソース ファイル\reversi\util</Filter>
    </ClCompile>
    <ClCompile Include="reversi\test\UnitTest.cpp">
      <Filter>ソース ファイル\reversi\test</Filter>
    </ClCompile>
    <ClCompile Include="reversi\test\DevelopTest.cpp">
      <Filter>ソース ファイル\reversi\test</Filter>
    </ClCompile>
    <ClCompile Include="reversi\test\UnitTestBase.cpp">
      <Filter>ソース ファイル\reversi\test</Filter>
    </ClCompile>
  </ItemGroup>
  <ItemGroup>
    <ClInclude Include="reversi\ReversiGame.h">
      <Filter>ソース ファイル\reversi</Filter>
    </ClInclude>
    <ClInclude Include="reversi\util\OutputConsole.h">
      <Filter>ソース ファイル\reversi\util</Filter>
    </ClInclude>
    <ClInclude Include="reversi\util\IOutputConsole.h">
      <Filter>ソース ファイル\reversi\util</Filter>
    </ClInclude>
    <ClInclude Include="reversi\test\UnitTest.h">
      <Filter>ソース ファイル\reversi\test</Filter>
    </ClInclude>
    <ClInclude Include="reversi\test\DevelopTest.h">
      <Filter>ソース ファイル\reversi\test</Filter>
    </ClInclude>
    <ClInclude Include="reversi\test\UnitTestBase.h">
      <Filter>ソース ファイル\reversi\test</Filter>
    </ClInclude>
    <ClInclude Include="reversi\util\MethodTransition.h">
      <Filter>ソース ファイル\reversi\util</Filter>
    </ClInclude>
  </ItemGroup>
</Project>